github.com/bootdotdev/learn-pub-sub-starter v0.0.0-20241202201109-4885f7a113d0 h1:rmBSY7u18Zh63Ni4+jeiaGN3XFyv0lIPBeoI+4Re1FY=
github.com/bootdotdev/learn-pub-sub-starter v0.0.0-20241202201109-4885f7a113d0/go.mod h1:SNsqMIUSBDC4mv6TDAfA0sSh8OBk9I5Sxr1T7ClLkCU=
github.com/rabbitmq/amqp091-go v1.10.0 h1:STpn5XsHlHGcecLmMFCtg7mqq0RnD+zFr4uzukfVhBw=
github.com/rabbitmq/amqp091-go v1.10.0/go.mod h1:Hy4jKW5kQART1u+JkDTF9YYOQUHXqMuhrgxOEeS7G4o=
